
Microsoft Visual Studio Solution File, Format Version 12.00
# Visual Studio 15
VisualStudioVersion = 15.0.28307.705
MinimumVisualStudioVersion = 10.0.40219.1
Project("{FAE04EC0-301F-11D3-BF4B-00C04F79EFBC}") = "Model", "05_TP_CSharp\Model.csproj", "{512BAE5B-9F77-4CF5-AEF6-F474FB274963}"
EndProject
Project("{FAE04EC0-301F-11D3-BF4B-00C04F79EFBC}") = "ViewLogin", "View\ViewLogin.csproj", "{EAD1C123-9F48-49D7-9C90-FE60FB0BB8A5}"
EndProject
Project("{FAE04EC0-301F-11D3-BF4B-00C04F79EFBC}") = "DAL_TP", "DAL_TP\DAL_TP.csproj", "{4508569A-7C8D-4207-87CC-65FFA66EF4A9}"
EndProject
Project("{FAE04EC0-301F-11D3-BF4B-00C04F79EFBC}") = "Controller", "Controller\Controller.csproj", "{2F0D785E-F3A1-4E1F-8D65-A5C969F1B56E}"
EndProject
Global
	GlobalSection(SolutionConfigurationPlatforms) = preSolution
		Debug|Any CPU = Debug|Any CPU
		Release|Any CPU = Release|Any CPU
	EndGlobalSection
	GlobalSection(ProjectConfigurationPlatforms) = postSolution
		{512BAE5B-9F77-4CF5-AEF6-F474FB274963}.Debug|Any CPU.ActiveCfg = Debug|Any CPU
		{512BAE5B-9F77-4CF5-AEF6-F474FB274963}.Debug|Any CPU.Build.0 = Debug|Any CPU
		{512BAE5B-9F77-4CF5-AEF6-F474FB274963}.Release|Any CPU.ActiveCfg = Release|Any CPU
		{512BAE5B-9F77-4CF5-AEF6-F474FB274963}.Release|Any CPU.Build.0 = Release|Any CPU
		{EAD1C123-9F48-49D7-9C90-FE60FB0BB8A5}.Debug|Any CPU.ActiveCfg = Debug|Any CPU
		{EAD1C123-9F48-49D7-9C90-FE60FB0BB8A5}.Debug|Any CPU.Build.0 = Debug|Any CPU
		{EAD1C123-9F48-49D7-9C90-FE60FB0BB8A5}.Release|Any CPU.ActiveCfg = Release|Any CPU
		{EAD1C123-9F48-49D7-9C90-FE60FB0BB8A5}.Release|Any CPU.Build.0 = Release|Any CPU
		{4508569A-7C8D-4207-87CC-65FFA66EF4A9}.Debug|Any CPU.ActiveCfg = Debug|Any CPU
		{4508569A-7C8D-4207-87CC-65FFA66EF4A9}.Debug|Any CPU.Build.0 = Debug|Any CPU
		{4508569A-7C8D-4207-87CC-65FFA66EF4A9}.Release|Any CPU.ActiveCfg = Release|Any CPU
		{4508569A-7C8D-4207-87CC-65FFA66EF4A9}.Release|Any CPU.Build.0 = Release|Any CPU
		{2F0D785E-F3A1-4E1F-8D65-A5C969F1B56E}.Debug|Any CPU.ActiveCfg = Debug|Any CPU
		{2F0D785E-F3A1-4E1F-8D65-A5C969F1B56E}.Debug|Any CPU.Build.0 = Debug|Any CPU
		{2F0D785E-F3A1-4E1F-8D65-A5C969F1B56E}.Release|Any CPU.ActiveCfg = Release|Any CPU
		{2F0D785E-F3A1-4E1F-8D65-A5C969F1B56E}.Release|Any CPU.Build.0 = Release|Any CPU
	EndGlobalSection
	GlobalSection(SolutionProperties) = preSolution
		HideSolutionNode = FALSE
	EndGlobalSection
	GlobalSection(ExtensibilityGlobals) = postSolution
		SolutionGuid = {2C98D31C-7D5A-4FB9-8772-ECFD33ADAA21}
	EndGlobalSection
EndGlobal
